
Microsoft Visual Studio Solution File, Format Version 12.00
# Visual Studio Version 16
VisualStudioVersion = 16.0.31729.503
MinimumVisualStudioVersion = 10.0.40219.1
Project("{FAE04EC0-301F-11D3-BF4B-00C04F79EFBC}") = "PracticeApp", "PracticeApp\PracticeApp.csproj", "{4118ADF6-4C4D-46BF-89CB-7EC2D16DF20B}"
EndProject
Global
	GlobalSection(SolutionConfigurationPlatforms) = preSolution
		Debug|Any CPU = Debug|Any CPU
		Release|Any CPU = Release|Any CPU
	EndGlobalSection
	GlobalSection(ProjectConfigurationPlatforms) = postSolution
		{4118ADF6-4C4D-46BF-89CB-7EC2D16DF20B}.Debug|Any CPU.ActiveCfg = Debug|Any CPU
		{4118ADF6-4C4D-46BF-89CB-7EC2D16DF20B}.Debug|Any CPU.Build.0 = Debug|Any CPU
		{4118ADF6-4C4D-46BF-89CB-7EC2D16DF20B}.Release|Any CPU.ActiveCfg = Release|Any CPU
		{4118ADF6-4C4D-46BF-89CB-7EC2D16DF20B}.Release|Any CPU.Build.0 = Release|Any CPU
	EndGlobalSection
	GlobalSection(SolutionProperties) = preSolution
		HideSolutionNode = FALSE
	EndGlobalSection
	GlobalSection(ExtensibilityGlobals) = postSolution
		SolutionGuid = {325C54CA-9537-413F-B35B-96DA2DAD695B}
	EndGlobalSection
EndGlobal
